
Microsoft Visual Studio Solution File, Format Version 12.00
# Visual Studio Version 17
VisualStudioVersion = 17.5.33627.172
MinimumVisualStudioVersion = 10.0.40219.1
Project("{9A19103F-16F7-4668-BE54-9A1E7A4F7556}") = "AgendaMedica.Dominio", "AgendaMedica.Dominio\AgendaMedica.Dominio.csproj", "{1E7B651A-E84A-446F-B842-CF8BFD7C75D6}"
EndProject
Project("{9A19103F-16F7-4668-BE54-9A1E7A4F7556}") = "AgendaMedica.Infra.Orm", "AgendaMedica.Infra.Orm\AgendaMedica.Infra.Orm.csproj", "{8BDE050D-5192-40B0-A5FE-F51745582448}"
EndProject
Project("{9A19103F-16F7-4668-BE54-9A1E7A4F7556}") = "AgendaMedica.Aplicacao", "AgendaMedica.Aplicacao\AgendaMedica.Aplicacao.csproj", "{D4CDB3D7-A974-465D-8E5F-750A09103A9E}"
EndProject
Project("{2150E333-8FDC-42A3-9474-1A3956D46DE8}") = "1 - Distribuição", "1 - Distribuição", "{2ADCA88C-FD22-431B-A5EF-0D2D42CB75C0}"
EndProject
Project("{2150E333-8FDC-42A3-9474-1A3956D46DE8}") = "2 - Aplicação", "2 - Aplicação", "{2BBA6C8D-967C-459A-8DF3-1ED444B0D006}"
EndProject
Project("{2150E333-8FDC-42A3-9474-1A3956D46DE8}") = "3 - Dominio", "3 - Dominio", "{02132437-7CD8-4745-8358-FC237A8B2B96}"
EndProject
Project("{2150E333-8FDC-42A3-9474-1A3956D46DE8}") = "4 - Infra", "4 - Infra", "{C8157357-48D3-49D5-B00A-B2939C9765F3}"
EndProject
Project("{9A19103F-16F7-4668-BE54-9A1E7A4F7556}") = "AgendaMedica.WebApi", "AgendaMedica.WebApi\AgendaMedica.WebApi.csproj", "{EDF11EA0-2013-4B0D-ACAB-3B8DF1410BF4}"
EndProject
Project("{2150E333-8FDC-42A3-9474-1A3956D46DE8}") = "5 - Testes", "5 - Testes", "{73F194CA-2C41-42AF-A10D-D3781C70A6AE}"
EndProject
Project("{2150E333-8FDC-42A3-9474-1A3956D46DE8}") = "5.1 - Unit", "5.1 - Unit", "{FD849D38-62EC-4093-9011-2A685B095031}"
EndProject
Project("{2150E333-8FDC-42A3-9474-1A3956D46DE8}") = "5.2 - IntegrationTests", "5.2 - IntegrationTests", "{3C1D0640-F42B-47B3-B211-B761056CEF58}"
EndProject
Project("{FAE04EC0-301F-11D3-BF4B-00C04F79EFBC}") = "AgendaMedica.TestesUnitarios", "AgendaMedica.TestesUnitarios\AgendaMedica.TestesUnitarios.csproj", "{CE391673-5EAF-4F36-86D8-6B2852C231BC}"
EndProject
Project("{FAE04EC0-301F-11D3-BF4B-00C04F79EFBC}") = "AgendaMedica.TesteIntegracao", "AgendaMedica.TesteIntegracao\AgendaMedica.TesteIntegracao.csproj", "{3F7B1E5A-714B-48E0-A941-9141B559B875}"
EndProject
Global
	GlobalSection(SolutionConfigurationPlatforms) = preSolution
		Debug|Any CPU = Debug|Any CPU
		Release|Any CPU = Release|Any CPU
	EndGlobalSection
	GlobalSection(ProjectConfigurationPlatforms) = postSolution
		{1E7B651A-E84A-446F-B842-CF8BFD7C75D6}.Debug|Any CPU.ActiveCfg = Debug|Any CPU
		{1E7B651A-E84A-446F-B842-CF8BFD7C75D6}.Debug|Any CPU.Build.0 = Debug|Any CPU
		{1E7B651A-E84A-446F-B842-CF8BFD7C75D6}.Release|Any CPU.ActiveCfg = Release|Any CPU
		{1E7B651A-E84A-446F-B842-CF8BFD7C75D6}.Release|Any CPU.Build.0 = Release|Any CPU
		{8BDE050D-5192-40B0-A5FE-F51745582448}.Debug|Any CPU.ActiveCfg = Debug|Any CPU
		{8BDE050D-5192-40B0-A5FE-F51745582448}.Debug|Any CPU.Build.0 = Debug|Any CPU
		{8BDE050D-5192-40B0-A5FE-F51745582448}.Release|Any CPU.ActiveCfg = Release|Any CPU
		{8BDE050D-5192-40B0-A5FE-F51745582448}.Release|Any CPU.Build.0 = Release|Any CPU
		{D4CDB3D7-A974-465D-8E5F-750A09103A9E}.Debug|Any CPU.ActiveCfg = Debug|Any CPU
		{D4CDB3D7-A974-465D-8E5F-750A09103A9E}.Debug|Any CPU.Build.0 = Debug|Any CPU
		{D4CDB3D7-A974-465D-8E5F-750A09103A9E}.Release|Any CPU.ActiveCfg = Release|Any CPU
		{D4CDB3D7-A974-465D-8E5F-750A09103A9E}.Release|Any CPU.Build.0 = Release|Any CPU
		{EDF11EA0-2013-4B0D-ACAB-3B8DF1410BF4}.Debug|Any CPU.ActiveCfg = Debug|Any CPU
		{EDF11EA0-2013-4B0D-ACAB-3B8DF1410BF4}.Debug|Any CPU.Build.0 = Debug|Any CPU
		{EDF11EA0-2013-4B0D-ACAB-3B8DF1410BF4}.Release|Any CPU.ActiveCfg = Release|Any CPU
		{EDF11EA0-2013-4B0D-ACAB-3B8DF1410BF4}.Release|Any CPU.Build.0 = Release|Any CPU
		{CE391673-5EAF-4F36-86D8-6B2852C231BC}.Debug|Any CPU.ActiveCfg = Debug|Any CPU
		{CE391673-5EAF-4F36-86D8-6B2852C231BC}.Debug|Any CPU.Build.0 = Debug|Any CPU
		{CE391673-5EAF-4F36-86D8-6B2852C231BC}.Release|Any CPU.ActiveCfg = Release|Any CPU
		{CE391673-5EAF-4F36-86D8-6B2852C231BC}.Release|Any CPU.Build.0 = Release|Any CPU
		{3F7B1E5A-714B-48E0-A941-9141B559B875}.Debug|Any CPU.ActiveCfg = Debug|Any CPU
		{3F7B1E5A-714B-48E0-A941-9141B559B875}.Debug|Any CPU.Build.0 = Debug|Any CPU
		{3F7B1E5A-714B-48E0-A941-9141B559B875}.Release|Any CPU.ActiveCfg = Release|Any CPU
		{3F7B1E5A-714B-48E0-A941-9141B559B875}.Release|Any CPU.Build.0 = Release|Any CPU
	EndGlobalSection
	GlobalSection(SolutionProperties) = preSolution
		HideSolutionNode = FALSE
	EndGlobalSection
	GlobalSection(NestedProjects) = preSolution
		{1E7B651A-E84A-446F-B842-CF8BFD7C75D6} = {02132437-7CD8-4745-8358-FC237A8B2B96}
		{8BDE050D-5192-40B0-A5FE-F51745582448} = {C8157357-48D3-49D5-B00A-B2939C9765F3}
		{D4CDB3D7-A974-465D-8E5F-750A09103A9E} = {2BBA6C8D-967C-459A-8DF3-1ED444B0D006}
		{EDF11EA0-2013-4B0D-ACAB-3B8DF1410BF4} = {2ADCA88C-FD22-431B-A5EF-0D2D42CB75C0}
		{FD849D38-62EC-4093-9011-2A685B095031} = {73F194CA-2C41-42AF-A10D-D3781C70A6AE}
		{3C1D0640-F42B-47B3-B211-B761056CEF58} = {73F194CA-2C41-42AF-A10D-D3781C70A6AE}
		{CE391673-5EAF-4F36-86D8-6B2852C231BC} = {FD849D38-62EC-4093-9011-2A685B095031}
		{3F7B1E5A-714B-48E0-A941-9141B559B875} = {3C1D0640-F42B-47B3-B211-B761056CEF58}
	EndGlobalSection
	GlobalSection(ExtensibilityGlobals) = postSolution
		SolutionGuid = {801B898E-DDAD-4F3A-93F6-A803BCFD5C70}
	EndGlobalSection
EndGlobal
